
Microsoft Visual Studio Solution File, Format Version 12.00
# Visual Studio Version 16
VisualStudioVersion = 16.0.31205.134
MinimumVisualStudioVersion = 10.0.40219.1
Project("{9A19103F-16F7-4668-BE54-9A1E7A4F7556}") = "SalesReportWebAPI", "SalesReportWebAPI\SalesReportWebAPI.csproj", "{4EEB01F7-B4C6-4CC1-A966-A3CF1338D1CD}"
EndProject
Project("{FAE04EC0-301F-11D3-BF4B-00C04F79EFBC}") = "SalesReportWebAPIClient", "SalesReportWebAPIClient\SalesReportWebAPIClient.csproj", "{2D311175-9560-4A32-B3B9-C9092FEA84A7}"
EndProject
Project("{2150E333-8FDC-42A3-9474-1A3956D46DE8}") = "Client", "Client", "{D24F342D-AF66-46F9-B6F5-32B9031ABF4C}"
EndProject
Project("{2150E333-8FDC-42A3-9474-1A3956D46DE8}") = "Server", "Server", "{72ADDB92-EF34-44C8-AEA2-0769D4955CAE}"
EndProject
Project("{2150E333-8FDC-42A3-9474-1A3956D46DE8}") = "Common", "Common", "{B39BFE3F-94F2-4AC1-982F-43F22DA5621F}"
EndProject
Project("{FAE04EC0-301F-11D3-BF4B-00C04F79EFBC}") = "SalesReportCore", "SalesReportCore\SalesReportCore.csproj", "{52B4F2D3-2BE2-472B-97C9-E5D26D3B8C56}"
EndProject
Project("{FAE04EC0-301F-11D3-BF4B-00C04F79EFBC}") = "SalesReportWebAPI.Test.Integration", "SalesReportWebAPI.Test.Integration\SalesReportWebAPI.Test.Integration.csproj", "{C4768A01-7305-427C-95C6-4F4FD1CC669F}"
EndProject
Global
	GlobalSection(SolutionConfigurationPlatforms) = preSolution
		Debug|Any CPU = Debug|Any CPU
		Release|Any CPU = Release|Any CPU
	EndGlobalSection
	GlobalSection(ProjectConfigurationPlatforms) = postSolution
		{4EEB01F7-B4C6-4CC1-A966-A3CF1338D1CD}.Debug|Any CPU.ActiveCfg = Debug|Any CPU
		{4EEB01F7-B4C6-4CC1-A966-A3CF1338D1CD}.Debug|Any CPU.Build.0 = Debug|Any CPU
		{4EEB01F7-B4C6-4CC1-A966-A3CF1338D1CD}.Release|Any CPU.ActiveCfg = Release|Any CPU
		{4EEB01F7-B4C6-4CC1-A966-A3CF1338D1CD}.Release|Any CPU.Build.0 = Release|Any CPU
		{2D311175-9560-4A32-B3B9-C9092FEA84A7}.Debug|Any CPU.ActiveCfg = Debug|Any CPU
		{2D311175-9560-4A32-B3B9-C9092FEA84A7}.Debug|Any CPU.Build.0 = Debug|Any CPU
		{2D311175-9560-4A32-B3B9-C9092FEA84A7}.Release|Any CPU.ActiveCfg = Release|Any CPU
		{2D311175-9560-4A32-B3B9-C9092FEA84A7}.Release|Any CPU.Build.0 = Release|Any CPU
		{52B4F2D3-2BE2-472B-97C9-E5D26D3B8C56}.Debug|Any CPU.ActiveCfg = Debug|Any CPU
		{52B4F2D3-2BE2-472B-97C9-E5D26D3B8C56}.Debug|Any CPU.Build.0 = Debug|Any CPU
		{52B4F2D3-2BE2-472B-97C9-E5D26D3B8C56}.Release|Any CPU.ActiveCfg = Release|Any CPU
		{52B4F2D3-2BE2-472B-97C9-E5D26D3B8C56}.Release|Any CPU.Build.0 = Release|Any CPU
		{C4768A01-7305-427C-95C6-4F4FD1CC669F}.Debug|Any CPU.ActiveCfg = Debug|Any CPU
		{C4768A01-7305-427C-95C6-4F4FD1CC669F}.Debug|Any CPU.Build.0 = Debug|Any CPU
		{C4768A01-7305-427C-95C6-4F4FD1CC669F}.Release|Any CPU.ActiveCfg = Release|Any CPU
		{C4768A01-7305-427C-95C6-4F4FD1CC669F}.Release|Any CPU.Build.0 = Release|Any CPU
	EndGlobalSection
	GlobalSection(SolutionProperties) = preSolution
		HideSolutionNode = FALSE
	EndGlobalSection
	GlobalSection(NestedProjects) = preSolution
		{4EEB01F7-B4C6-4CC1-A966-A3CF1338D1CD} = {72ADDB92-EF34-44C8-AEA2-0769D4955CAE}
		{2D311175-9560-4A32-B3B9-C9092FEA84A7} = {D24F342D-AF66-46F9-B6F5-32B9031ABF4C}
		{52B4F2D3-2BE2-472B-97C9-E5D26D3B8C56} = {B39BFE3F-94F2-4AC1-982F-43F22DA5621F}
		{C4768A01-7305-427C-95C6-4F4FD1CC669F} = {72ADDB92-EF34-44C8-AEA2-0769D4955CAE}
	EndGlobalSection
	GlobalSection(ExtensibilityGlobals) = postSolution
		SolutionGuid = {A5771DF2-54F2-4AA3-B33C-8952972169B7}
	EndGlobalSection
EndGlobal
